// !$*UTF8*$!
{
	archiveVersion = 1;
	classes = {
	};
	objectVersion = 56;
	objects = {

/* Begin PBXBuildFile section */
		2FA679662C3AB358005ECC01 /* NewsAppApp.swift in Sources */ = {isa = PBXBuildFile; fileRef = 2FA679652C3AB358005ECC01 /* NewsAppApp.swift */; };
		2FA679682C3AB358005ECC01 /* ContentView.swift in Sources */ = {isa = PBXBuildFile; fileRef = 2FA679672C3AB358005ECC01 /* ContentView.swift */; };
		2FA6796A2C3AB35B005ECC01 /* Assets.xcassets in Resources */ = {isa = PBXBuildFile; fileRef = 2FA679692C3AB35B005ECC01 /* Assets.xcassets */; };
		2FA6796D2C3AB35B005ECC01 /* Preview Assets.xcassets in Resources */ = {isa = PBXBuildFile; fileRef = 2FA6796C2C3AB35B005ECC01 /* Preview Assets.xcassets */; };
		2FA6796F2C3AB35B005ECC01 /* Persistence.swift in Sources */ = {isa = PBXBuildFile; fileRef = 2FA6796E2C3AB35B005ECC01 /* Persistence.swift */; };
		2FA679722C3AB35B005ECC01 /* NewsApp.xcdatamodeld in Sources */ = {isa = PBXBuildFile; fileRef = 2FA679702C3AB35B005ECC01 /* NewsApp.xcdatamodeld */; };
		2FAAE3052C3D9C2200AE20B3 /* news.json in Resources */ = {isa = PBXBuildFile; fileRef = 2FAAE3042C3D9C2200AE20B3 /* news.json */; };
		2FAAE3082C3D9C6900AE20B3 /* Article.swift in Sources */ = {isa = PBXBuildFile; fileRef = 2FAAE3072C3D9C6900AE20B3 /* Article.swift */; };
		2FAAE30A2C3DA6DD00AE20B3 /* NewsAPIResponse.swift in Sources */ = {isa = PBXBuildFile; fileRef = 2FAAE3092C3DA6DD00AE20B3 /* NewsAPIResponse.swift */; };
		2FAAE30D2C3DA8BD00AE20B3 /* ArticleRowView.swift in Sources */ = {isa = PBXBuildFile; fileRef = 2FAAE30C2C3DA8BD00AE20B3 /* ArticleRowView.swift */; };
		2FAAE3102C3DBB6D00AE20B3 /* ArticleListView.swift in Sources */ = {isa = PBXBuildFile; fileRef = 2FAAE30F2C3DBB6D00AE20B3 /* ArticleListView.swift */; };
		2FAAE3122C3DBE9B00AE20B3 /* SafariView.swift in Sources */ = {isa = PBXBuildFile; fileRef = 2FAAE3112C3DBE9B00AE20B3 /* SafariView.swift */; };
		2FC01E612C43DA3A001641B0 /* ArticleBookmarkViewModel.swift in Sources */ = {isa = PBXBuildFile; fileRef = 2FC01E602C43DA3A001641B0 /* ArticleBookmarkViewModel.swift */; };
		2FC01E632C43F186001641B0 /* BookmarkTabView.swift in Sources */ = {isa = PBXBuildFile; fileRef = 2FC01E622C43F186001641B0 /* BookmarkTabView.swift */; };
		2FC01E652C442737001641B0 /* DataStore.swift in Sources */ = {isa = PBXBuildFile; fileRef = 2FC01E642C442737001641B0 /* DataStore.swift */; };
		2FC01E672C443C9F001641B0 /* ArticleSearchViewModel.swift in Sources */ = {isa = PBXBuildFile; fileRef = 2FC01E662C443C9F001641B0 /* ArticleSearchViewModel.swift */; };
		2FC01E692C45068E001641B0 /* SearchTabView.swift in Sources */ = {isa = PBXBuildFile; fileRef = 2FC01E682C45068E001641B0 /* SearchTabView.swift */; };
		2FC01E6B2C4557A9001641B0 /* Launch Screen.storyboard in Resources */ = {isa = PBXBuildFile; fileRef = 2FC01E6A2C4557A9001641B0 /* Launch Screen.storyboard */; };
		2FEC1B302C3FD78E005669E7 /* NewsAPI.swift in Sources */ = {isa = PBXBuildFile; fileRef = 2FEC1B2F2C3FD78E005669E7 /* NewsAPI.swift */; };
		2FEC1B322C3FD90A005669E7 /* Category.swift in Sources */ = {isa = PBXBuildFile; fileRef = 2FEC1B312C3FD90A005669E7 /* Category.swift */; };
		2FEC1B352C410A35005669E7 /* ArticleNewsViewModel.swift in Sources */ = {isa = PBXBuildFile; fileRef = 2FEC1B342C410A35005669E7 /* ArticleNewsViewModel.swift */; };
		2FEC1B372C411026005669E7 /* NewsTabView.swift in Sources */ = {isa = PBXBuildFile; fileRef = 2FEC1B362C411026005669E7 /* NewsTabView.swift */; };
		2FEC1B3B2C415C46005669E7 /* EmptyPlaceholderView.swift in Sources */ = {isa = PBXBuildFile; fileRef = 2FEC1B3A2C415C46005669E7 /* EmptyPlaceholderView.swift */; };
		2FEC1B3D2C415DA9005669E7 /* RetryView.swift in Sources */ = {isa = PBXBuildFile; fileRef = 2FEC1B3C2C415DA9005669E7 /* RetryView.swift */; };
/* End PBXBuildFile section */

/* Begin PBXFileReference section */
		2FA679622C3AB358005ECC01 /* NewsApp.app */ = {isa = PBXFileReference; explicitFileType = wrapper.application; includeInIndex = 0; path = NewsApp.app; sourceTree = BUILT_PRODUCTS_DIR; };
		2FA679652C3AB358005ECC01 /* NewsAppApp.swift */ = {isa = PBXFileReference; lastKnownFileType = sourcecode.swift; path = NewsAppApp.swift; sourceTree = "<group>"; };
		2FA679672C3AB358005ECC01 /* ContentView.swift */ = {isa = PBXFileReference; lastKnownFileType = sourcecode.swift; path = ContentView.swift; sourceTree = "<group>"; };
		2FA679692C3AB35B005ECC01 /* Assets.xcassets */ = {isa = PBXFileReference; lastKnownFileType = folder.assetcatalog; path = Assets.xcassets; sourceTree = "<group>"; };
		2FA6796C2C3AB35B005ECC01 /* Preview Assets.xcassets */ = {isa = PBXFileReference; lastKnownFileType = folder.assetcatalog; path = "Preview Assets.xcassets"; sourceTree = "<group>"; };
		2FA6796E2C3AB35B005ECC01 /* Persistence.swift */ = {isa = PBXFileReference; lastKnownFileType = sourcecode.swift; path = Persistence.swift; sourceTree = "<group>"; };
		2FA679712C3AB35B005ECC01 /* NewsApp.xcdatamodel */ = {isa = PBXFileReference; lastKnownFileType = wrapper.xcdatamodel; path = NewsApp.xcdatamodel; sourceTree = "<group>"; };
		2FAAE3042C3D9C2200AE20B3 /* news.json */ = {isa = PBXFileReference; lastKnownFileType = text.json; path = news.json; sourceTree = "<group>"; };
		2FAAE3072C3D9C6900AE20B3 /* Article.swift */ = {isa = PBXFileReference; lastKnownFileType = sourcecode.swift; path = Article.swift; sourceTree = "<group>"; };
		2FAAE3092C3DA6DD00AE20B3 /* NewsAPIResponse.swift */ = {isa = PBXFileReference; lastKnownFileType = sourcecode.swift; path = NewsAPIResponse.swift; sourceTree = "<group>"; };
		2FAAE30C2C3DA8BD00AE20B3 /* ArticleRowView.swift */ = {isa = PBXFileReference; lastKnownFileType = sourcecode.swift; path = ArticleRowView.swift; sourceTree = "<group>"; };
		2FAAE30F2C3DBB6D00AE20B3 /* ArticleListView.swift */ = {isa = PBXFileReference; lastKnownFileType = sourcecode.swift; path = ArticleListView.swift; sourceTree = "<group>"; };
		2FAAE3112C3DBE9B00AE20B3 /* SafariView.swift */ = {isa = PBXFileReference; lastKnownFileType = sourcecode.swift; path = SafariView.swift; sourceTree = "<group>"; };
		2FC01E602C43DA3A001641B0 /* ArticleBookmarkViewModel.swift */ = {isa = PBXFileReference; lastKnownFileType = sourcecode.swift; path = ArticleBookmarkViewModel.swift; sourceTree = "<group>"; };
		2FC01E622C43F186001641B0 /* BookmarkTabView.swift */ = {isa = PBXFileReference; lastKnownFileType = sourcecode.swift; path = BookmarkTabView.swift; sourceTree = "<group>"; };
		2FC01E642C442737001641B0 /* DataStore.swift */ = {isa = PBXFileReference; lastKnownFileType = sourcecode.swift; path = DataStore.swift; sourceTree = "<group>"; };
		2FC01E662C443C9F001641B0 /* ArticleSearchViewModel.swift */ = {isa = PBXFileReference; lastKnownFileType = sourcecode.swift; path = ArticleSearchViewModel.swift; sourceTree = "<group>"; };
		2FC01E682C45068E001641B0 /* SearchTabView.swift */ = {isa = PBXFileReference; lastKnownFileType = sourcecode.swift; path = SearchTabView.swift; sourceTree = "<group>"; };
		2FC01E6A2C4557A9001641B0 /* Launch Screen.storyboard */ = {isa = PBXFileReference; lastKnownFileType = file.storyboard; path = "Launch Screen.storyboard"; sourceTree = "<group>"; };
		2FEC1B2F2C3FD78E005669E7 /* NewsAPI.swift */ = {isa = PBXFileReference; lastKnownFileType = sourcecode.swift; path = NewsAPI.swift; sourceTree = "<group>"; };
		2FEC1B312C3FD90A005669E7 /* Category.swift */ = {isa = PBXFileReference; lastKnownFileType = sourcecode.swift; path = Category.swift; sourceTree = "<group>"; };
		2FEC1B342C410A35005669E7 /* ArticleNewsViewModel.swift */ = {isa = PBXFileReference; lastKnownFileType = sourcecode.swift; path = ArticleNewsViewModel.swift; sourceTree = "<group>"; };
		2FEC1B362C411026005669E7 /* NewsTabView.swift */ = {isa = PBXFileReference; lastKnownFileType = sourcecode.swift; path = NewsTabView.swift; sourceTree = "<group>"; };
		2FEC1B382C413CCB005669E7 /* Info.plist */ = {isa = PBXFileReference; lastKnownFileType = text.plist; path = Info.plist; sourceTree = "<group>"; };
		2FEC1B3A2C415C46005669E7 /* EmptyPlaceholderView.swift */ = {isa = PBXFileReference; lastKnownFileType = sourcecode.swift; path = EmptyPlaceholderView.swift; sourceTree = "<group>"; };
		2FEC1B3C2C415DA9005669E7 /* RetryView.swift */ = {isa = PBXFileReference; lastKnownFileType = sourcecode.swift; path = RetryView.swift; sourceTree = "<group>"; };
/* End PBXFileReference section */

/* Begin PBXFrameworksBuildPhase section */
		2FA6795F2C3AB358005ECC01 /* Frameworks */ = {
			isa = PBXFrameworksBuildPhase;
			buildActionMask = 2147483647;
			files = (
			);
			runOnlyForDeploymentPostprocessing = 0;
		};
/* End PBXFrameworksBuildPhase section */

/* Begin PBXGroup section */
		2FA679592C3AB358005ECC01 = {
			isa = PBXGroup;
			children = (
				2FA679642C3AB358005ECC01 /* NewsApp */,
				2FA679632C3AB358005ECC01 /* Products */,
			);
			sourceTree = "<group>";
		};
		2FA679632C3AB358005ECC01 /* Products */ = {
			isa = PBXGroup;
			children = (
				2FA679622C3AB358005ECC01 /* NewsApp.app */,
			);
			name = Products;
			sourceTree = "<group>";
		};
		2FA679642C3AB358005ECC01 /* NewsApp */ = {
			isa = PBXGroup;
			children = (
				2FEC1B332C4109FE005669E7 /* ViewModel */,
				2FEC1B2E2C3FD75D005669E7 /* API */,
				2FAAE3062C3D9C5500AE20B3 /* Models */,
				2FAAE30B2C3DA88F00AE20B3 /* Views */,
				2FA679652C3AB358005ECC01 /* NewsAppApp.swift */,
				2FA6796E2C3AB35B005ECC01 /* Persistence.swift */,
				2FA679672C3AB358005ECC01 /* ContentView.swift */,
				2FEC1B382C413CCB005669E7 /* Info.plist */,
				2FAAE3042C3D9C2200AE20B3 /* news.json */,
				2FA679702C3AB35B005ECC01 /* NewsApp.xcdatamodeld */,
				2FA6796B2C3AB35B005ECC01 /* Preview Content */,
			);
			path = NewsApp;
			sourceTree = "<group>";
		};
		2FA6796B2C3AB35B005ECC01 /* Preview Content */ = {
			isa = PBXGroup;
			children = (
				2FA679692C3AB35B005ECC01 /* Assets.xcassets */,
				2FA6796C2C3AB35B005ECC01 /* Preview Assets.xcassets */,
				2FC01E6A2C4557A9001641B0 /* Launch Screen.storyboard */,
			);
			path = "Preview Content";
			sourceTree = "<group>";
		};
		2FAAE3062C3D9C5500AE20B3 /* Models */ = {
			isa = PBXGroup;
			children = (
				2FAAE3072C3D9C6900AE20B3 /* Article.swift */,
				2FAAE3092C3DA6DD00AE20B3 /* NewsAPIResponse.swift */,
				2FEC1B312C3FD90A005669E7 /* Category.swift */,
				2FC01E642C442737001641B0 /* DataStore.swift */,
			);
			path = Models;
			sourceTree = "<group>";
		};
		2FAAE30B2C3DA88F00AE20B3 /* Views */ = {
			isa = PBXGroup;
			children = (
				2FAAE30F2C3DBB6D00AE20B3 /* ArticleListView.swift */,
				2FAAE30C2C3DA8BD00AE20B3 /* ArticleRowView.swift */,
				2FC01E622C43F186001641B0 /* BookmarkTabView.swift */,
				2FEC1B3A2C415C46005669E7 /* EmptyPlaceholderView.swift */,
				2FEC1B362C411026005669E7 /* NewsTabView.swift */,
				2FEC1B3C2C415DA9005669E7 /* RetryView.swift */,
				2FAAE3112C3DBE9B00AE20B3 /* SafariView.swift */,
				2FC01E682C45068E001641B0 /* SearchTabView.swift */,
			);
			path = Views;
			sourceTree = "<group>";
		};
		2FEC1B2E2C3FD75D005669E7 /* API */ = {
			isa = PBXGroup;
			children = (
				2FEC1B2F2C3FD78E005669E7 /* NewsAPI.swift */,
			);
			path = API;
			sourceTree = "<group>";
		};
		2FEC1B332C4109FE005669E7 /* ViewModel */ = {
			isa = PBXGroup;
			children = (
				2FEC1B342C410A35005669E7 /* ArticleNewsViewModel.swift */,
				2FC01E602C43DA3A001641B0 /* ArticleBookmarkViewModel.swift */,
				2FC01E662C443C9F001641B0 /* ArticleSearchViewModel.swift */,
			);
			path = ViewModel;
			sourceTree = "<group>";
		};
/* End PBXGroup section */

/* Begin PBXNativeTarget section */
		2FA679612C3AB358005ECC01 /* NewsApp */ = {
			isa = PBXNativeTarget;
			buildConfigurationList = 2FA679752C3AB35B005ECC01 /* Build configuration list for PBXNativeTarget "NewsApp" */;
			buildPhases = (
				2FA6795E2C3AB358005ECC01 /* Sources */,
				2FA6795F2C3AB358005ECC01 /* Frameworks */,
				2FA679602C3AB358005ECC01 /* Resources */,
			);
			buildRules = (
			);
			dependencies = (
			);
			name = NewsApp;
			productName = NewsApp;
			productReference = 2FA679622C3AB358005ECC01 /* NewsApp.app */;
			productType = "com.apple.product-type.application";
		};
/* End PBXNativeTarget section */

/* Begin PBXProject section */
		2FA6795A2C3AB358005ECC01 /* Project object */ = {
			isa = PBXProject;
			attributes = {
				BuildIndependentTargetsInParallel = 1;
				LastSwiftUpdateCheck = 1500;
				LastUpgradeCheck = 1500;
				TargetAttributes = {
					2FA679612C3AB358005ECC01 = {
						CreatedOnToolsVersion = 15.0.1;
					};
				};
			};
			buildConfigurationList = 2FA6795D2C3AB358005ECC01 /* Build configuration list for PBXProject "NewsApp" */;
			compatibilityVersion = "Xcode 14.0";
			developmentRegion = en;
			hasScannedForEncodings = 0;
			knownRegions = (
				en,
				Base,
			);
			mainGroup = 2FA679592C3AB358005ECC01;
			productRefGroup = 2FA679632C3AB358005ECC01 /* Products */;
			projectDirPath = "";
			projectRoot = "";
			targets = (
				2FA679612C3AB358005ECC01 /* NewsApp */,
			);
		};
/* End PBXProject section */

/* Begin PBXResourcesBuildPhase section */
		2FA679602C3AB358005ECC01 /* Resources */ = {
			isa = PBXResourcesBuildPhase;
			buildActionMask = 2147483647;
			files = (
				2FA6796D2C3AB35B005ECC01 /* Preview Assets.xcassets in Resources */,
				2FAAE3052C3D9C2200AE20B3 /* news.json in Resources */,
				2FC01E6B2C4557A9001641B0 /* Launch Screen.storyboard in Resources */,
				2FA6796A2C3AB35B005ECC01 /* Assets.xcassets in Resources */,
			);
			runOnlyForDeploymentPostprocessing = 0;
		};
/* End PBXResourcesBuildPhase section */

/* Begin PBXSourcesBuildPhase section */
		2FA6795E2C3AB358005ECC01 /* Sources */ = {
			isa = PBXSourcesBuildPhase;
			buildActionMask = 2147483647;
			files = (
				2FAAE30A2C3DA6DD00AE20B3 /* NewsAPIResponse.swift in Sources */,
				2FAAE3122C3DBE9B00AE20B3 /* SafariView.swift in Sources */,
				2FEC1B372C411026005669E7 /* NewsTabView.swift in Sources */,
				2FEC1B3D2C415DA9005669E7 /* RetryView.swift in Sources */,
				2FEC1B352C410A35005669E7 /* ArticleNewsViewModel.swift in Sources */,
				2FEC1B3B2C415C46005669E7 /* EmptyPlaceholderView.swift in Sources */,
				2FC01E692C45068E001641B0 /* SearchTabView.swift in Sources */,
				2FAAE30D2C3DA8BD00AE20B3 /* ArticleRowView.swift in Sources */,
				2FC01E652C442737001641B0 /* DataStore.swift in Sources */,
				2FA6796F2C3AB35B005ECC01 /* Persistence.swift in Sources */,
				2FAAE3102C3DBB6D00AE20B3 /* ArticleListView.swift in Sources */,
				2FA679682C3AB358005ECC01 /* ContentView.swift in Sources */,
				2FA679722C3AB35B005ECC01 /* NewsApp.xcdatamodeld in Sources */,
				2FEC1B302C3FD78E005669E7 /* NewsAPI.swift in Sources */,
				2FA679662C3AB358005ECC01 /* NewsAppApp.swift in Sources */,
				2FAAE3082C3D9C6900AE20B3 /* Article.swift in Sources */,
				2FEC1B322C3FD90A005669E7 /* Category.swift in Sources */,
				2FC01E672C443C9F001641B0 /* ArticleSearchViewModel.swift in Sources */,
				2FC01E632C43F186001641B0 /* BookmarkTabView.swift in Sources */,
				2FC01E612C43DA3A001641B0 /* ArticleBookmarkViewModel.swift in Sources */,
			);
			runOnlyForDeploymentPostprocessing = 0;
		};
/* End PBXSourcesBuildPhase section */

/* Begin XCBuildConfiguration section */
		2FA679732C3AB35B005ECC01 /* Debug */ = {
			isa = XCBuildConfiguration;
			buildSettings = {
				ALWAYS_SEARCH_USER_PATHS = NO;
				ASSETCATALOG_COMPILER_GENERATE_SWIFT_ASSET_SYMBOL_EXTENSIONS = YES;
				CLANG_ANALYZER_NONNULL = YES;
				CLANG_ANALYZER_NUMBER_OBJECT_CONVERSION = YES_AGGRESSIVE;
				CLANG_CXX_LANGUAGE_STANDARD = "gnu++20";
				CLANG_ENABLE_MODULES = YES;
				CLANG_ENABLE_OBJC_ARC = YES;
				CLANG_ENABLE_OBJC_WEAK = YES;
				CLANG_WARN_BLOCK_CAPTURE_AUTORELEASING = YES;
				CLANG_WARN_BOOL_CONVERSION = YES;
				CLANG_WARN_COMMA = YES;
				CLANG_WARN_CONSTANT_CONVERSION = YES;
				CLANG_WARN_DEPRECATED_OBJC_IMPLEMENTATIONS = YES;
				CLANG_WARN_DIRECT_OBJC_ISA_USAGE = YES_ERROR;
				CLANG_WARN_DOCUMENTATION_COMMENTS = YES;
				CLANG_WARN_EMPTY_BODY = YES;
				CLANG_WARN_ENUM_CONVERSION = YES;
				CLANG_WARN_INFINITE_RECURSION = YES;
				CLANG_WARN_INT_CONVERSION = YES;
				CLANG_WARN_NON_LITERAL_NULL_CONVERSION = YES;
				CLANG_WARN_OBJC_IMPLICIT_RETAIN_SELF = YES;
				CLANG_WARN_OBJC_LITERAL_CONVERSION = YES;
				CLANG_WARN_OBJC_ROOT_CLASS = YES_ERROR;
				CLANG_WARN_QUOTED_INCLUDE_IN_FRAMEWORK_HEADER = YES;
				CLANG_WARN_RANGE_LOOP_ANALYSIS = YES;
				CLANG_WARN_STRICT_PROTOTYPES = YES;
				CLANG_WARN_SUSPICIOUS_MOVE = YES;
				CLANG_WARN_UNGUARDED_AVAILABILITY = YES_AGGRESSIVE;
				CLANG_WARN_UNREACHABLE_CODE = YES;
				CLANG_WARN__DUPLICATE_METHOD_MATCH = YES;
				COPY_PHASE_STRIP = NO;
				DEBUG_INFORMATION_FORMAT = dwarf;
				ENABLE_STRICT_OBJC_MSGSEND = YES;
				ENABLE_TESTABILITY = YES;
				ENABLE_USER_SCRIPT_SANDBOXING = YES;
				GCC_C_LANGUAGE_STANDARD = gnu17;
				GCC_DYNAMIC_NO_PIC = NO;
				GCC_NO_COMMON_BLOCKS = YES;
				GCC_OPTIMIZATION_LEVEL = 0;
				GCC_PREPROCESSOR_DEFINITIONS = (
					"DEBUG=1",
					"$(inherited)",
				);
				GCC_WARN_64_TO_32_BIT_CONVERSION = YES;
				GCC_WARN_ABOUT_RETURN_TYPE = YES_ERROR;
				GCC_WARN_UNDECLARED_SELECTOR = YES;
				GCC_WARN_UNINITIALIZED_AUTOS = YES_AGGRESSIVE;
				GCC_WARN_UNUSED_FUNCTION = YES;
				GCC_WARN_UNUSED_VARIABLE = YES;
				IPHONEOS_DEPLOYMENT_TARGET = 17.0;
				LOCALIZATION_PREFERS_STRING_CATALOGS = YES;
				MTL_ENABLE_DEBUG_INFO = INCLUDE_SOURCE;
				MTL_FAST_MATH = YES;
				ONLY_ACTIVE_ARCH = YES;
				SDKROOT = iphoneos;
				SWIFT_ACTIVE_COMPILATION_CONDITIONS = "DEBUG $(inherited)";
				SWIFT_OPTIMIZATION_LEVEL = "-Onone";
			};
			name = Debug;
		};
		2FA679742C3AB35B005ECC01 /* Release */ = {
			isa = XCBuildConfiguration;
			buildSettings = {
				ALWAYS_SEARCH_USER_PATHS = NO;
				ASSETCATALOG_COMPILER_GENERATE_SWIFT_ASSET_SYMBOL_EXTENSIONS = YES;
				CLANG_ANALYZER_NONNULL = YES;
				CLANG_ANALYZER_NUMBER_OBJECT_CONVERSION = YES_AGGRESSIVE;
				CLANG_CXX_LANGUAGE_STANDARD = "gnu++20";
				CLANG_ENABLE_MODULES = YES;
				CLANG_ENABLE_OBJC_ARC = YES;
				CLANG_ENABLE_OBJC_WEAK = YES;
				CLANG_WARN_BLOCK_CAPTURE_AUTORELEASING = YES;
				CLANG_WARN_BOOL_CONVERSION = YES;
				CLANG_WARN_COMMA = YES;
				CLANG_WARN_CONSTANT_CONVERSION = YES;
				CLANG_WARN_DEPRECATED_OBJC_IMPLEMENTATIONS = YES;
				CLANG_WARN_DIRECT_OBJC_ISA_USAGE = YES_ERROR;
				CLANG_WARN_DOCUMENTATION_COMMENTS = YES;
				CLANG_WARN_EMPTY_BODY = YES;
				CLANG_WARN_ENUM_CONVERSION = YES;
				CLANG_WARN_INFINITE_RECURSION = YES;
				CLANG_WARN_INT_CONVERSION = YES;
				CLANG_WARN_NON_LITERAL_NULL_CONVERSION = YES;
				CLANG_WARN_OBJC_IMPLICIT_RETAIN_SELF = YES;
				CLANG_WARN_OBJC_LITERAL_CONVERSION = YES;
				CLANG_WARN_OBJC_ROOT_CLASS = YES_ERROR;
				CLANG_WARN_QUOTED_INCLUDE_IN_FRAMEWORK_HEADER = YES;
				CLANG_WARN_RANGE_LOOP_ANALYSIS = YES;
				CLANG_WARN_STRICT_PROTOTYPES = YES;
				CLANG_WARN_SUSPICIOUS_MOVE = YES;
				CLANG_WARN_UNGUARDED_AVAILABILITY = YES_AGGRESSIVE;
				CLANG_WARN_UNREACHABLE_CODE = YES;
				CLANG_WARN__DUPLICATE_METHOD_MATCH = YES;
				COPY_PHASE_STRIP = NO;
				DEBUG_INFORMATION_FORMAT = "dwarf-with-dsym";
				ENABLE_NS_ASSERTIONS = NO;
				ENABLE_STRICT_OBJC_MSGSEND = YES;
				ENABLE_USER_SCRIPT_SANDBOXING = YES;
				GCC_C_LANGUAGE_STANDARD = gnu17;
				GCC_NO_COMMON_BLOCKS = YES;
				GCC_WARN_64_TO_32_BIT_CONVERSION = YES;
				GCC_WARN_ABOUT_RETURN_TYPE = YES_ERROR;
				GCC_WARN_UNDECLARED_SELECTOR = YES;
				GCC_WARN_UNINITIALIZED_AUTOS = YES_AGGRESSIVE;
				GCC_WARN_UNUSED_FUNCTION = YES;
				GCC_WARN_UNUSED_VARIABLE = YES;
				IPHONEOS_DEPLOYMENT_TARGET = 17.0;
				LOCALIZATION_PREFERS_STRING_CATALOGS = YES;
				MTL_ENABLE_DEBUG_INFO = NO;
				MTL_FAST_MATH = YES;
				SDKROOT = iphoneos;
				SWIFT_COMPILATION_MODE = wholemodule;
				VALIDATE_PRODUCT = YES;
			};
			name = Release;
		};
		2FA679762C3AB35B005ECC01 /* Debug */ = {
			isa = XCBuildConfiguration;
			buildSettings = {
				ASSETCATALOG_COMPILER_APPICON_NAME = AppIcon;
				ASSETCATALOG_COMPILER_GLOBAL_ACCENT_COLOR_NAME = AccentColor;
				CODE_SIGN_STYLE = Automatic;
				CURRENT_PROJECT_VERSION = 1;
				DEVELOPMENT_ASSET_PATHS = "\"NewsApp/Preview Content\"";
				DEVELOPMENT_TEAM = HASUNZ2BFV;
				ENABLE_PREVIEWS = YES;
				GENERATE_INFOPLIST_FILE = YES;
				INFOPLIST_FILE = NewsApp/Info.plist;
				INFOPLIST_KEY_UIApplicationSceneManifest_Generation = YES;
				INFOPLIST_KEY_UIApplicationSupportsIndirectInputEvents = YES;
				INFOPLIST_KEY_UILaunchScreen_Generation = YES;
				INFOPLIST_KEY_UILaunchStoryboardName = "Launch Screen.storyboard";
				INFOPLIST_KEY_UISupportedInterfaceOrientations_iPad = "UIInterfaceOrientationPortrait UIInterfaceOrientationPortraitUpsideDown UIInterfaceOrientationLandscapeLeft UIInterfaceOrientationLandscapeRight";
				INFOPLIST_KEY_UISupportedInterfaceOrientations_iPhone = "UIInterfaceOrientationPortrait UIInterfaceOrientationLandscapeLeft UIInterfaceOrientationLandscapeRight";
				LD_RUNPATH_SEARCH_PATHS = (
					"$(inherited)",
					"@executable_path/Frameworks",
				);
				MARKETING_VERSION = 1.0;
				PRODUCT_BUNDLE_IDENTIFIER = com.avrama.NewsApp;
				PRODUCT_NAME = "$(TARGET_NAME)";
				SWIFT_EMIT_LOC_STRINGS = YES;
				SWIFT_VERSION = 5.0;
				TARGETED_DEVICE_FAMILY = "1,2";
			};
			name = Debug;
		};
		2FA679772C3AB35B005ECC01 /* Release */ = {
			isa = XCBuildConfiguration;
			buildSettings = {
				ASSETCATALOG_COMPILER_APPICON_NAME = AppIcon;
				ASSETCATALOG_COMPILER_GLOBAL_ACCENT_COLOR_NAME = AccentColor;
				CODE_SIGN_STYLE = Automatic;
				CURRENT_PROJECT_VERSION = 1;
				DEVELOPMENT_ASSET_PATHS = "\"NewsApp/Preview Content\"";
				DEVELOPMENT_TEAM = HASUNZ2BFV;
				ENABLE_PREVIEWS = YES;
				GENERATE_INFOPLIST_FILE = YES;
				INFOPLIST_FILE = NewsApp/Info.plist;
				INFOPLIST_KEY_UIApplicationSceneManifest_Generation = YES;
				INFOPLIST_KEY_UIApplicationSupportsIndirectInputEvents = YES;
				INFOPLIST_KEY_UILaunchScreen_Generation = YES;
				INFOPLIST_KEY_UILaunchStoryboardName = "Launch Screen.storyboard";
				INFOPLIST_KEY_UISupportedInterfaceOrientations_iPad = "UIInterfaceOrientationPortrait UIInterfaceOrientationPortraitUpsideDown UIInterfaceOrientationLandscapeLeft UIInterfaceOrientationLandscapeRight";
				INFOPLIST_KEY_UISupportedInterfaceOrientations_iPhone = "UIInterfaceOrientationPortrait UIInterfaceOrientationLandscapeLeft UIInterfaceOrientationLandscapeRight";
				LD_RUNPATH_SEARCH_PATHS = (
					"$(inherited)",
					"@executable_path/Frameworks",
				);
				MARKETING_VERSION = 1.0;
				PRODUCT_BUNDLE_IDENTIFIER = com.avrama.NewsApp;
				PRODUCT_NAME = "$(TARGET_NAME)";
				SWIFT_EMIT_LOC_STRINGS = YES;
				SWIFT_VERSION = 5.0;
				TARGETED_DEVICE_FAMILY = "1,2";
			};
			name = Release;
		};
/* End XCBuildConfiguration section */

/* Begin XCConfigurationList section */
		2FA6795D2C3AB358005ECC01 /* Build configuration list for PBXProject "NewsApp" */ = {
			isa = XCConfigurationList;
			buildConfigurations = (
				2FA679732C3AB35B005ECC01 /* Debug */,
				2FA679742C3AB35B005ECC01 /* Release */,
			);
			defaultConfigurationIsVisible = 0;
			defaultConfigurationName = Release;
		};
		2FA679752C3AB35B005ECC01 /* Build configuration list for PBXNativeTarget "NewsApp" */ = {
			isa = XCConfigurationList;
			buildConfigurations = (
				2FA679762C3AB35B005ECC01 /* Debug */,
				2FA679772C3AB35B005ECC01 /* Release */,
			);
			defaultConfigurationIsVisible = 0;
			defaultConfigurationName = Release;
		};
/* End XCConfigurationList section */

/* Begin XCVersionGroup section */
		2FA679702C3AB35B005ECC01 /* NewsApp.xcdatamodeld */ = {
			isa = XCVersionGroup;
			children = (
				2FA679712C3AB35B005ECC01 /* NewsApp.xcdatamodel */,
			);
			currentVersion = 2FA679712C3AB35B005ECC01 /* NewsApp.xcdatamodel */;
			path = NewsApp.xcdatamodeld;
			sourceTree = "<group>";
			versionGroupType = wrapper.xcdatamodel;
		};
/* End XCVersionGroup section */
	};
	rootObject = 2FA6795A2C3AB358005ECC01 /* Project object */;
}
